
Microsoft Visual Studio Solution File, Format Version 12.00
# Visual Studio Version 17
VisualStudioVersion = 17.6.33815.320
MinimumVisualStudioVersion = 10.0.40219.1
Project("{FAE04EC0-301F-11D3-BF4B-00C04F79EFBC}") = "MyOnlineCounsellor", "MyOnlineCounsellor\MyOnlineCounsellor.csproj", "{F6FF73B8-D887-4D1C-983F-D022D5A8C5F6}"
EndProject
Global
	GlobalSection(SolutionConfigurationPlatforms) = preSolution
		Debug|Any CPU = Debug|Any CPU
		Release|Any CPU = Release|Any CPU
	EndGlobalSection
	GlobalSection(ProjectConfigurationPlatforms) = postSolution
		{F6FF73B8-D887-4D1C-983F-D022D5A8C5F6}.Debug|Any CPU.ActiveCfg = Debug|Any CPU
		{F6FF73B8-D887-4D1C-983F-D022D5A8C5F6}.Debug|Any CPU.Build.0 = Debug|Any CPU
		{F6FF73B8-D887-4D1C-983F-D022D5A8C5F6}.Release|Any CPU.ActiveCfg = Release|Any CPU
		{F6FF73B8-D887-4D1C-983F-D022D5A8C5F6}.Release|Any CPU.Build.0 = Release|Any CPU
	EndGlobalSection
	GlobalSection(SolutionProperties) = preSolution
		HideSolutionNode = FALSE
	EndGlobalSection
	GlobalSection(ExtensibilityGlobals) = postSolution
		SolutionGuid = {2B195680-CED9-4338-802F-0D4103ACDB62}
	EndGlobalSection
EndGlobal
